
Microsoft Visual Studio Solution File, Format Version 12.00
# Visual Studio Version 17
VisualStudioVersion = 17.9.34723.18
MinimumVisualStudioVersion = 10.0.40219.1
Project("{9A19103F-16F7-4668-BE54-9A1E7A4F7556}") = "desafio-backend", "desafio-backend\desafio-backend.csproj", "{2280C42E-9AD9-48EC-80B1-741B4E62498A}"
EndProject
Project("{FAE04EC0-301F-11D3-BF4B-00C04F79EFBC}") = "desafio-shared", "desafio-shared\desafio-shared.csproj", "{3BADC36E-2D12-4CFC-82E3-DBF481B49910}"
EndProject
Global
	GlobalSection(SolutionConfigurationPlatforms) = preSolution
		Debug|Any CPU = Debug|Any CPU
		Release|Any CPU = Release|Any CPU
	EndGlobalSection
	GlobalSection(ProjectConfigurationPlatforms) = postSolution
		{2280C42E-9AD9-48EC-80B1-741B4E62498A}.Debug|Any CPU.ActiveCfg = Debug|Any CPU
		{2280C42E-9AD9-48EC-80B1-741B4E62498A}.Debug|Any CPU.Build.0 = Debug|Any CPU
		{2280C42E-9AD9-48EC-80B1-741B4E62498A}.Release|Any CPU.ActiveCfg = Release|Any CPU
		{2280C42E-9AD9-48EC-80B1-741B4E62498A}.Release|Any CPU.Build.0 = Release|Any CPU
		{3BADC36E-2D12-4CFC-82E3-DBF481B49910}.Debug|Any CPU.ActiveCfg = Debug|Any CPU
		{3BADC36E-2D12-4CFC-82E3-DBF481B49910}.Debug|Any CPU.Build.0 = Debug|Any CPU
		{3BADC36E-2D12-4CFC-82E3-DBF481B49910}.Release|Any CPU.ActiveCfg = Release|Any CPU
		{3BADC36E-2D12-4CFC-82E3-DBF481B49910}.Release|Any CPU.Build.0 = Release|Any CPU
	EndGlobalSection
	GlobalSection(SolutionProperties) = preSolution
		HideSolutionNode = FALSE
	EndGlobalSection
	GlobalSection(ExtensibilityGlobals) = postSolution
		SolutionGuid = {58C46801-160F-4B3B-AD77-74C71874118A}
	EndGlobalSection
EndGlobal
